
Microsoft Visual Studio Solution File, Format Version 12.00
# Visual Studio 14
VisualStudioVersion = 14.0.24720.0
MinimumVisualStudioVersion = 10.0.40219.1
Project("{F184B08F-C81C-45F6-A57F-5ABD9991F28F}") = "easy_Get_iPlayer_2.0", "easy_Get_iPlayer_2.0\easy_Get_iPlayer_2.0.vbproj", "{AC4BA6FB-D6A2-4542-B824-08429FC0E67F}"
EndProject
Global
	GlobalSection(SolutionConfigurationPlatforms) = preSolution
		Debug|Any CPU = Debug|Any CPU
		Release|Any CPU = Release|Any CPU
	EndGlobalSection
	GlobalSection(ProjectConfigurationPlatforms) = postSolution
		{AC4BA6FB-D6A2-4542-B824-08429FC0E67F}.Debug|Any CPU.ActiveCfg = Debug|Any CPU
		{AC4BA6FB-D6A2-4542-B824-08429FC0E67F}.Debug|Any CPU.Build.0 = Debug|Any CPU
		{AC4BA6FB-D6A2-4542-B824-08429FC0E67F}.Release|Any CPU.ActiveCfg = Release|Any CPU
		{AC4BA6FB-D6A2-4542-B824-08429FC0E67F}.Release|Any CPU.Build.0 = Release|Any CPU
	EndGlobalSection
	GlobalSection(SolutionProperties) = preSolution
		HideSolutionNode = FALSE
	EndGlobalSection
EndGlobal
